// !$*UTF8*$!
{
	archiveVersion = 1;
	classes = {
	};
	objectVersion = 55;
	objects = {

/* Begin PBXBuildFile section */
		F65F57DE2925411200B8558C /* QuestionMessage.swift in Sources */ = {isa = PBXBuildFile; fileRef = F65F57DD2925411200B8558C /* QuestionMessage.swift */; };
		F65F57E02925519300B8558C /* HelloMessage.swift in Sources */ = {isa = PBXBuildFile; fileRef = F65F57DF2925519300B8558C /* HelloMessage.swift */; };
		F65F57E2292551E800B8558C /* MessageType.swift in Sources */ = {isa = PBXBuildFile; fileRef = F65F57E1292551E800B8558C /* MessageType.swift */; };
		F65F57E429260C0400B8558C /* AnswerMessage.swift in Sources */ = {isa = PBXBuildFile; fileRef = F65F57E329260C0400B8558C /* AnswerMessage.swift */; };
		F65F57E629260E8D00B8558C /* PlayersMessage.swift in Sources */ = {isa = PBXBuildFile; fileRef = F65F57E529260E8D00B8558C /* PlayersMessage.swift */; };
		F65F57E82926107F00B8558C /* ResultsMessage.swift in Sources */ = {isa = PBXBuildFile; fileRef = F65F57E72926107F00B8558C /* ResultsMessage.swift */; };
		F65F58502927C3BD00B8558C /* AccessDeniedMessage.swift in Sources */ = {isa = PBXBuildFile; fileRef = F65F584F2927C3BD00B8558C /* AccessDeniedMessage.swift */; };
		F6690ECE2931045000F4F8EA /* ResultsModel.swift in Sources */ = {isa = PBXBuildFile; fileRef = F6690ECD2931045000F4F8EA /* ResultsModel.swift */; };
		F6690ED9293159B100F4F8EA /* CoreDataModel.xcdatamodeld in Sources */ = {isa = PBXBuildFile; fileRef = F6690ED7293159B100F4F8EA /* CoreDataModel.xcdatamodeld */; };
		F688F53928CE6C2F001FA786 /* Quiz_gameApp.swift in Sources */ = {isa = PBXBuildFile; fileRef = F688F53828CE6C2F001FA786 /* Quiz_gameApp.swift */; };
		F688F53D28CE6C31001FA786 /* Assets.xcassets in Resources */ = {isa = PBXBuildFile; fileRef = F688F53C28CE6C31001FA786 /* Assets.xcassets */; };
		F688F54028CE6C31001FA786 /* Preview Assets.xcassets in Resources */ = {isa = PBXBuildFile; fileRef = F688F53F28CE6C31001FA786 /* Preview Assets.xcassets */; };
		F68E73192915516D00B4B1C6 /* PlayerModel.swift in Sources */ = {isa = PBXBuildFile; fileRef = F68E73182915516D00B4B1C6 /* PlayerModel.swift */; };
		F68E73282916DAB700B4B1C6 /* NetworkBrowser.swift in Sources */ = {isa = PBXBuildFile; fileRef = F68E73272916DAB700B4B1C6 /* NetworkBrowser.swift */; };
		F68E732A2916DAC700B4B1C6 /* NetworkConnection.swift in Sources */ = {isa = PBXBuildFile; fileRef = F68E73292916DAC700B4B1C6 /* NetworkConnection.swift */; };
		F68E732C2916DAD300B4B1C6 /* NetworkServer.swift in Sources */ = {isa = PBXBuildFile; fileRef = F68E732B2916DAD300B4B1C6 /* NetworkServer.swift */; };
		F68E73322916F43900B4B1C6 /* Extensions.swift in Sources */ = {isa = PBXBuildFile; fileRef = F68E73312916F43900B4B1C6 /* Extensions.swift */; };
		F694B0CB2955103C009DCD1D /* Launch Screen.storyboard in Resources */ = {isa = PBXBuildFile; fileRef = F694B0CA2955103C009DCD1D /* Launch Screen.storyboard */; };
		F6C546822954CCD20073E955 /* DefaultQuizExtension.swift in Sources */ = {isa = PBXBuildFile; fileRef = F6C546812954CCD20073E955 /* DefaultQuizExtension.swift */; };
		F6CB18452913A28F00D619C7 /* QuestionView.swift in Sources */ = {isa = PBXBuildFile; fileRef = F6CB18442913A28F00D619C7 /* QuestionView.swift */; };
		F6CB18472913D2D800D619C7 /* MainView.swift in Sources */ = {isa = PBXBuildFile; fileRef = F6CB18462913D2D800D619C7 /* MainView.swift */; };
		F6CB18492913D2E500D619C7 /* LobbyView.swift in Sources */ = {isa = PBXBuildFile; fileRef = F6CB18482913D2E500D619C7 /* LobbyView.swift */; };
		F6CB184B2913D2F100D619C7 /* EndGameView.swift in Sources */ = {isa = PBXBuildFile; fileRef = F6CB184A2913D2F100D619C7 /* EndGameView.swift */; };
		F6CB184D2913D75600D619C7 /* RoomModel.swift in Sources */ = {isa = PBXBuildFile; fileRef = F6CB184C2913D75600D619C7 /* RoomModel.swift */; };
		F6CB184F2913D8DE00D619C7 /* ViewModel.swift in Sources */ = {isa = PBXBuildFile; fileRef = F6CB184E2913D8DE00D619C7 /* ViewModel.swift */; };
		F6CB18512913E37700D619C7 /* NewRoomView.swift in Sources */ = {isa = PBXBuildFile; fileRef = F6CB18502913E37700D619C7 /* NewRoomView.swift */; };
		F6CB18532913F1DD00D619C7 /* DocumentPicker.swift in Sources */ = {isa = PBXBuildFile; fileRef = F6CB18522913F1DD00D619C7 /* DocumentPicker.swift */; };
		F6CB18552913F5D200D619C7 /* QuizModel.swift in Sources */ = {isa = PBXBuildFile; fileRef = F6CB18542913F5D200D619C7 /* QuizModel.swift */; };
		F6CB1866291441FA00D619C7 /* NewQuizView.swift in Sources */ = {isa = PBXBuildFile; fileRef = F6CB1865291441FA00D619C7 /* NewQuizView.swift */; };
		F6CB18682914440400D619C7 /* QuestionModel.swift in Sources */ = {isa = PBXBuildFile; fileRef = F6CB18672914440400D619C7 /* QuestionModel.swift */; };
		F6CB186A291446A600D619C7 /* NewQuestionView.swift in Sources */ = {isa = PBXBuildFile; fileRef = F6CB1869291446A600D619C7 /* NewQuestionView.swift */; };
/* End PBXBuildFile section */

/* Begin PBXFileReference section */
		F65F57DD2925411200B8558C /* QuestionMessage.swift */ = {isa = PBXFileReference; lastKnownFileType = sourcecode.swift; path = QuestionMessage.swift; sourceTree = "<group>"; };
		F65F57DF2925519300B8558C /* HelloMessage.swift */ = {isa = PBXFileReference; lastKnownFileType = sourcecode.swift; path = HelloMessage.swift; sourceTree = "<group>"; };
		F65F57E1292551E800B8558C /* MessageType.swift */ = {isa = PBXFileReference; lastKnownFileType = sourcecode.swift; path = MessageType.swift; sourceTree = "<group>"; };
		F65F57E329260C0400B8558C /* AnswerMessage.swift */ = {isa = PBXFileReference; lastKnownFileType = sourcecode.swift; path = AnswerMessage.swift; sourceTree = "<group>"; };
		F65F57E529260E8D00B8558C /* PlayersMessage.swift */ = {isa = PBXFileReference; lastKnownFileType = sourcecode.swift; path = PlayersMessage.swift; sourceTree = "<group>"; };
		F65F57E72926107F00B8558C /* ResultsMessage.swift */ = {isa = PBXFileReference; lastKnownFileType = sourcecode.swift; path = ResultsMessage.swift; sourceTree = "<group>"; };
		F65F584F2927C3BD00B8558C /* AccessDeniedMessage.swift */ = {isa = PBXFileReference; lastKnownFileType = sourcecode.swift; path = AccessDeniedMessage.swift; sourceTree = "<group>"; };
		F6690ECD2931045000F4F8EA /* ResultsModel.swift */ = {isa = PBXFileReference; lastKnownFileType = sourcecode.swift; path = ResultsModel.swift; sourceTree = "<group>"; };
		F6690ED8293159B100F4F8EA /* CoreDataModel.xcdatamodel */ = {isa = PBXFileReference; lastKnownFileType = wrapper.xcdatamodel; path = CoreDataModel.xcdatamodel; sourceTree = "<group>"; };
		F688F53528CE6C2F001FA786 /* Brainstorm.app */ = {isa = PBXFileReference; explicitFileType = wrapper.application; includeInIndex = 0; path = Brainstorm.app; sourceTree = BUILT_PRODUCTS_DIR; };
		F688F53828CE6C2F001FA786 /* Quiz_gameApp.swift */ = {isa = PBXFileReference; lastKnownFileType = sourcecode.swift; path = Quiz_gameApp.swift; sourceTree = "<group>"; };
		F688F53C28CE6C31001FA786 /* Assets.xcassets */ = {isa = PBXFileReference; lastKnownFileType = folder.assetcatalog; path = Assets.xcassets; sourceTree = "<group>"; };
		F688F53F28CE6C31001FA786 /* Preview Assets.xcassets */ = {isa = PBXFileReference; lastKnownFileType = folder.assetcatalog; path = "Preview Assets.xcassets"; sourceTree = "<group>"; };
		F68E73182915516D00B4B1C6 /* PlayerModel.swift */ = {isa = PBXFileReference; lastKnownFileType = sourcecode.swift; path = PlayerModel.swift; sourceTree = "<group>"; };
		F68E73272916DAB700B4B1C6 /* NetworkBrowser.swift */ = {isa = PBXFileReference; lastKnownFileType = sourcecode.swift; path = NetworkBrowser.swift; sourceTree = "<group>"; };
		F68E73292916DAC700B4B1C6 /* NetworkConnection.swift */ = {isa = PBXFileReference; lastKnownFileType = sourcecode.swift; path = NetworkConnection.swift; sourceTree = "<group>"; };
		F68E732B2916DAD300B4B1C6 /* NetworkServer.swift */ = {isa = PBXFileReference; lastKnownFileType = sourcecode.swift; path = NetworkServer.swift; sourceTree = "<group>"; };
		F68E73312916F43900B4B1C6 /* Extensions.swift */ = {isa = PBXFileReference; lastKnownFileType = sourcecode.swift; path = Extensions.swift; sourceTree = "<group>"; };
		F694B0CA2955103C009DCD1D /* Launch Screen.storyboard */ = {isa = PBXFileReference; lastKnownFileType = file.storyboard; path = "Launch Screen.storyboard"; sourceTree = "<group>"; };
		F6C546812954CCD20073E955 /* DefaultQuizExtension.swift */ = {isa = PBXFileReference; lastKnownFileType = sourcecode.swift; path = DefaultQuizExtension.swift; sourceTree = "<group>"; };
		F6CB18442913A28F00D619C7 /* QuestionView.swift */ = {isa = PBXFileReference; lastKnownFileType = sourcecode.swift; path = QuestionView.swift; sourceTree = "<group>"; };
		F6CB18462913D2D800D619C7 /* MainView.swift */ = {isa = PBXFileReference; lastKnownFileType = sourcecode.swift; path = MainView.swift; sourceTree = "<group>"; };
		F6CB18482913D2E500D619C7 /* LobbyView.swift */ = {isa = PBXFileReference; lastKnownFileType = sourcecode.swift; path = LobbyView.swift; sourceTree = "<group>"; };
		F6CB184A2913D2F100D619C7 /* EndGameView.swift */ = {isa = PBXFileReference; lastKnownFileType = sourcecode.swift; path = EndGameView.swift; sourceTree = "<group>"; };
		F6CB184C2913D75600D619C7 /* RoomModel.swift */ = {isa = PBXFileReference; lastKnownFileType = sourcecode.swift; path = RoomModel.swift; sourceTree = "<group>"; };
		F6CB184E2913D8DE00D619C7 /* ViewModel.swift */ = {isa = PBXFileReference; lastKnownFileType = sourcecode.swift; path = ViewModel.swift; sourceTree = "<group>"; };
		F6CB18502913E37700D619C7 /* NewRoomView.swift */ = {isa = PBXFileReference; lastKnownFileType = sourcecode.swift; path = NewRoomView.swift; sourceTree = "<group>"; };
		F6CB18522913F1DD00D619C7 /* DocumentPicker.swift */ = {isa = PBXFileReference; lastKnownFileType = sourcecode.swift; path = DocumentPicker.swift; sourceTree = "<group>"; };
		F6CB18542913F5D200D619C7 /* QuizModel.swift */ = {isa = PBXFileReference; lastKnownFileType = sourcecode.swift; path = QuizModel.swift; sourceTree = "<group>"; };
		F6CB1865291441FA00D619C7 /* NewQuizView.swift */ = {isa = PBXFileReference; lastKnownFileType = sourcecode.swift; path = NewQuizView.swift; sourceTree = "<group>"; };
		F6CB18672914440400D619C7 /* QuestionModel.swift */ = {isa = PBXFileReference; lastKnownFileType = sourcecode.swift; path = QuestionModel.swift; sourceTree = "<group>"; };
		F6CB1869291446A600D619C7 /* NewQuestionView.swift */ = {isa = PBXFileReference; lastKnownFileType = sourcecode.swift; path = NewQuestionView.swift; sourceTree = "<group>"; };
/* End PBXFileReference section */

/* Begin PBXFrameworksBuildPhase section */
		F688F53228CE6C2F001FA786 /* Frameworks */ = {
			isa = PBXFrameworksBuildPhase;
			buildActionMask = 2147483647;
			files = (
			);
			runOnlyForDeploymentPostprocessing = 0;
		};
/* End PBXFrameworksBuildPhase section */

/* Begin PBXGroup section */
		F65F57DC292540F500B8558C /* JSON */ = {
			isa = PBXGroup;
			children = (
				F65F57DD2925411200B8558C /* QuestionMessage.swift */,
				F65F57E72926107F00B8558C /* ResultsMessage.swift */,
				F65F57E529260E8D00B8558C /* PlayersMessage.swift */,
				F65F57E329260C0400B8558C /* AnswerMessage.swift */,
				F65F57DF2925519300B8558C /* HelloMessage.swift */,
				F65F57E1292551E800B8558C /* MessageType.swift */,
				F65F584F2927C3BD00B8558C /* AccessDeniedMessage.swift */,
			);
			path = JSON;
			sourceTree = "<group>";
		};
		F688F52C28CE6C2F001FA786 = {
			isa = PBXGroup;
			children = (
				F688F53728CE6C2F001FA786 /* Quiz game */,
				F688F53628CE6C2F001FA786 /* Products */,
			);
			sourceTree = "<group>";
		};
		F688F53628CE6C2F001FA786 /* Products */ = {
			isa = PBXGroup;
			children = (
				F688F53528CE6C2F001FA786 /* Brainstorm.app */,
			);
			name = Products;
			sourceTree = "<group>";
		};
		F688F53728CE6C2F001FA786 /* Quiz game */ = {
			isa = PBXGroup;
			children = (
				F6C546802954C9B70073E955 /* Application */,
				F6CB1857291403F300D619C7 /* Models */,
				F6CB18582914040B00D619C7 /* ViewModels */,
				F6CB1856291403C300D619C7 /* Views */,
				F6CB18592914041600D619C7 /* Services */,
				F6C5467F2954C98C0073E955 /* Resources */,
				F688F53E28CE6C31001FA786 /* Preview Content */,
				F6690ED7293159B100F4F8EA /* CoreDataModel.xcdatamodeld */,
			);
			path = "Quiz game";
			sourceTree = "<group>";
		};
		F688F53E28CE6C31001FA786 /* Preview Content */ = {
			isa = PBXGroup;
			children = (
				F688F53F28CE6C31001FA786 /* Preview Assets.xcassets */,
			);
			path = "Preview Content";
			sourceTree = "<group>";
		};
		F68E72F929152BB800B4B1C6 /* Networking */ = {
			isa = PBXGroup;
			children = (
				F68E73272916DAB700B4B1C6 /* NetworkBrowser.swift */,
				F68E73292916DAC700B4B1C6 /* NetworkConnection.swift */,
				F68E732B2916DAD300B4B1C6 /* NetworkServer.swift */,
			);
			path = Networking;
			sourceTree = "<group>";
		};
		F6C5467F2954C98C0073E955 /* Resources */ = {
			isa = PBXGroup;
			children = (
				F688F53C28CE6C31001FA786 /* Assets.xcassets */,
				F68E73312916F43900B4B1C6 /* Extensions.swift */,
				F6C546812954CCD20073E955 /* DefaultQuizExtension.swift */,
				F694B0CA2955103C009DCD1D /* Launch Screen.storyboard */,
			);
			path = Resources;
			sourceTree = "<group>";
		};
		F6C546802954C9B70073E955 /* Application */ = {
			isa = PBXGroup;
			children = (
				F688F53828CE6C2F001FA786 /* Quiz_gameApp.swift */,
			);
			path = Application;
			sourceTree = "<group>";
		};
		F6CB1856291403C300D619C7 /* Views */ = {
			isa = PBXGroup;
			children = (
				F6CB18462913D2D800D619C7 /* MainView.swift */,
				F6CB18482913D2E500D619C7 /* LobbyView.swift */,
				F6CB18502913E37700D619C7 /* NewRoomView.swift */,
				F6CB1865291441FA00D619C7 /* NewQuizView.swift */,
				F6CB1869291446A600D619C7 /* NewQuestionView.swift */,
				F6CB184A2913D2F100D619C7 /* EndGameView.swift */,
				F6CB18442913A28F00D619C7 /* QuestionView.swift */,
			);
			path = Views;
			sourceTree = "<group>";
		};
		F6CB1857291403F300D619C7 /* Models */ = {
			isa = PBXGroup;
			children = (
				F6CB184C2913D75600D619C7 /* RoomModel.swift */,
				F6CB18542913F5D200D619C7 /* QuizModel.swift */,
				F6CB18672914440400D619C7 /* QuestionModel.swift */,
				F68E73182915516D00B4B1C6 /* PlayerModel.swift */,
				F6690ECD2931045000F4F8EA /* ResultsModel.swift */,
				F65F57DC292540F500B8558C /* JSON */,
			);
			path = Models;
			sourceTree = "<group>";
		};
		F6CB18582914040B00D619C7 /* ViewModels */ = {
			isa = PBXGroup;
			children = (
				F6CB184E2913D8DE00D619C7 /* ViewModel.swift */,
			);
			path = ViewModels;
			sourceTree = "<group>";
		};
		F6CB18592914041600D619C7 /* Services */ = {
			isa = PBXGroup;
			children = (
				F68E72F929152BB800B4B1C6 /* Networking */,
				F6CB18522913F1DD00D619C7 /* DocumentPicker.swift */,
			);
			path = Services;
			sourceTree = "<group>";
		};
/* End PBXGroup section */

/* Begin PBXNativeTarget section */
		F688F53428CE6C2F001FA786 /* Quiz game */ = {
			isa = PBXNativeTarget;
			buildConfigurationList = F688F54328CE6C31001FA786 /* Build configuration list for PBXNativeTarget "Quiz game" */;
			buildPhases = (
				F688F53128CE6C2F001FA786 /* Sources */,
				F688F53228CE6C2F001FA786 /* Frameworks */,
				F688F53328CE6C2F001FA786 /* Resources */,
			);
			buildRules = (
			);
			dependencies = (
			);
			name = "Quiz game";
			productName = "Quiz game";
			productReference = F688F53528CE6C2F001FA786 /* Brainstorm.app */;
			productType = "com.apple.product-type.application";
		};
/* End PBXNativeTarget section */

/* Begin PBXProject section */
		F688F52D28CE6C2F001FA786 /* Project object */ = {
			isa = PBXProject;
			attributes = {
				BuildIndependentTargetsInParallel = 1;
				LastSwiftUpdateCheck = 1340;
				LastUpgradeCheck = 1340;
				TargetAttributes = {
					F688F53428CE6C2F001FA786 = {
						CreatedOnToolsVersion = 13.4.1;
					};
				};
			};
			buildConfigurationList = F688F53028CE6C2F001FA786 /* Build configuration list for PBXProject "Quiz game" */;
			compatibilityVersion = "Xcode 13.0";
			developmentRegion = en;
			hasScannedForEncodings = 0;
			knownRegions = (
				en,
				Base,
			);
			mainGroup = F688F52C28CE6C2F001FA786;
			productRefGroup = F688F53628CE6C2F001FA786 /* Products */;
			projectDirPath = "";
			projectRoot = "";
			targets = (
				F688F53428CE6C2F001FA786 /* Quiz game */,
			);
		};
/* End PBXProject section */

/* Begin PBXResourcesBuildPhase section */
		F688F53328CE6C2F001FA786 /* Resources */ = {
			isa = PBXResourcesBuildPhase;
			buildActionMask = 2147483647;
			files = (
				F694B0CB2955103C009DCD1D /* Launch Screen.storyboard in Resources */,
				F688F54028CE6C31001FA786 /* Preview Assets.xcassets in Resources */,
				F688F53D28CE6C31001FA786 /* Assets.xcassets in Resources */,
			);
			runOnlyForDeploymentPostprocessing = 0;
		};
/* End PBXResourcesBuildPhase section */

/* Begin PBXSourcesBuildPhase section */
		F688F53128CE6C2F001FA786 /* Sources */ = {
			isa = PBXSourcesBuildPhase;
			buildActionMask = 2147483647;
			files = (
				F6690ECE2931045000F4F8EA /* ResultsModel.swift in Sources */,
				F65F57E2292551E800B8558C /* MessageType.swift in Sources */,
				F65F58502927C3BD00B8558C /* AccessDeniedMessage.swift in Sources */,
				F6CB184D2913D75600D619C7 /* RoomModel.swift in Sources */,
				F6C546822954CCD20073E955 /* DefaultQuizExtension.swift in Sources */,
				F6CB18492913D2E500D619C7 /* LobbyView.swift in Sources */,
				F68E732A2916DAC700B4B1C6 /* NetworkConnection.swift in Sources */,
				F6CB18472913D2D800D619C7 /* MainView.swift in Sources */,
				F6CB18682914440400D619C7 /* QuestionModel.swift in Sources */,
				F6CB18452913A28F00D619C7 /* QuestionView.swift in Sources */,
				F65F57E02925519300B8558C /* HelloMessage.swift in Sources */,
				F6CB184B2913D2F100D619C7 /* EndGameView.swift in Sources */,
				F68E732C2916DAD300B4B1C6 /* NetworkServer.swift in Sources */,
				F68E73192915516D00B4B1C6 /* PlayerModel.swift in Sources */,
				F6CB184F2913D8DE00D619C7 /* ViewModel.swift in Sources */,
				F6690ED9293159B100F4F8EA /* CoreDataModel.xcdatamodeld in Sources */,
				F6CB18552913F5D200D619C7 /* QuizModel.swift in Sources */,
				F6CB18512913E37700D619C7 /* NewRoomView.swift in Sources */,
				F65F57E82926107F00B8558C /* ResultsMessage.swift in Sources */,
				F65F57DE2925411200B8558C /* QuestionMessage.swift in Sources */,
				F6CB18532913F1DD00D619C7 /* DocumentPicker.swift in Sources */,
				F68E73322916F43900B4B1C6 /* Extensions.swift in Sources */,
				F65F57E429260C0400B8558C /* AnswerMessage.swift in Sources */,
				F6CB1866291441FA00D619C7 /* NewQuizView.swift in Sources */,
				F68E73282916DAB700B4B1C6 /* NetworkBrowser.swift in Sources */,
				F65F57E629260E8D00B8558C /* PlayersMessage.swift in Sources */,
				F688F53928CE6C2F001FA786 /* Quiz_gameApp.swift in Sources */,
				F6CB186A291446A600D619C7 /* NewQuestionView.swift in Sources */,
			);
			runOnlyForDeploymentPostprocessing = 0;
		};
/* End PBXSourcesBuildPhase section */

/* Begin XCBuildConfiguration section */
		F688F54128CE6C31001FA786 /* Debug */ = {
			isa = XCBuildConfiguration;
			buildSettings = {
				ALWAYS_SEARCH_USER_PATHS = NO;
				CLANG_ANALYZER_NONNULL = YES;
				CLANG_ANALYZER_NUMBER_OBJECT_CONVERSION = YES_AGGRESSIVE;
				CLANG_CXX_LANGUAGE_STANDARD = "gnu++17";
				CLANG_ENABLE_MODULES = YES;
				CLANG_ENABLE_OBJC_ARC = YES;
				CLANG_ENABLE_OBJC_WEAK = YES;
				CLANG_WARN_BLOCK_CAPTURE_AUTORELEASING = YES;
				CLANG_WARN_BOOL_CONVERSION = YES;
				CLANG_WARN_COMMA = YES;
				CLANG_WARN_CONSTANT_CONVERSION = YES;
				CLANG_WARN_DEPRECATED_OBJC_IMPLEMENTATIONS = YES;
				CLANG_WARN_DIRECT_OBJC_ISA_USAGE = YES_ERROR;
				CLANG_WARN_DOCUMENTATION_COMMENTS = YES;
				CLANG_WARN_EMPTY_BODY = YES;
				CLANG_WARN_ENUM_CONVERSION = YES;
				CLANG_WARN_INFINITE_RECURSION = YES;
				CLANG_WARN_INT_CONVERSION = YES;
				CLANG_WARN_NON_LITERAL_NULL_CONVERSION = YES;
				CLANG_WARN_OBJC_IMPLICIT_RETAIN_SELF = YES;
				CLANG_WARN_OBJC_LITERAL_CONVERSION = YES;
				CLANG_WARN_OBJC_ROOT_CLASS = YES_ERROR;
				CLANG_WARN_QUOTED_INCLUDE_IN_FRAMEWORK_HEADER = YES;
				CLANG_WARN_RANGE_LOOP_ANALYSIS = YES;
				CLANG_WARN_STRICT_PROTOTYPES = YES;
				CLANG_WARN_SUSPICIOUS_MOVE = YES;
				CLANG_WARN_UNGUARDED_AVAILABILITY = YES_AGGRESSIVE;
				CLANG_WARN_UNREACHABLE_CODE = YES;
				CLANG_WARN__DUPLICATE_METHOD_MATCH = YES;
				COPY_PHASE_STRIP = NO;
				DEBUG_INFORMATION_FORMAT = dwarf;
				ENABLE_STRICT_OBJC_MSGSEND = YES;
				ENABLE_TESTABILITY = YES;
				GCC_C_LANGUAGE_STANDARD = gnu11;
				GCC_DYNAMIC_NO_PIC = NO;
				GCC_NO_COMMON_BLOCKS = YES;
				GCC_OPTIMIZATION_LEVEL = 0;
				GCC_PREPROCESSOR_DEFINITIONS = (
					"DEBUG=1",
					"$(inherited)",
				);
				GCC_WARN_64_TO_32_BIT_CONVERSION = YES;
				GCC_WARN_ABOUT_RETURN_TYPE = YES_ERROR;
				GCC_WARN_UNDECLARED_SELECTOR = YES;
				GCC_WARN_UNINITIALIZED_AUTOS = YES_AGGRESSIVE;
				GCC_WARN_UNUSED_FUNCTION = YES;
				GCC_WARN_UNUSED_VARIABLE = YES;
				IPHONEOS_DEPLOYMENT_TARGET = 15.5;
				MTL_ENABLE_DEBUG_INFO = INCLUDE_SOURCE;
				MTL_FAST_MATH = YES;
				ONLY_ACTIVE_ARCH = YES;
				SDKROOT = iphoneos;
				SWIFT_ACTIVE_COMPILATION_CONDITIONS = DEBUG;
				SWIFT_OPTIMIZATION_LEVEL = "-Onone";
			};
			name = Debug;
		};
		F688F54228CE6C31001FA786 /* Release */ = {
			isa = XCBuildConfiguration;
			buildSettings = {
				ALWAYS_SEARCH_USER_PATHS = NO;
				CLANG_ANALYZER_NONNULL = YES;
				CLANG_ANALYZER_NUMBER_OBJECT_CONVERSION = YES_AGGRESSIVE;
				CLANG_CXX_LANGUAGE_STANDARD = "gnu++17";
				CLANG_ENABLE_MODULES = YES;
				CLANG_ENABLE_OBJC_ARC = YES;
				CLANG_ENABLE_OBJC_WEAK = YES;
				CLANG_WARN_BLOCK_CAPTURE_AUTORELEASING = YES;
				CLANG_WARN_BOOL_CONVERSION = YES;
				CLANG_WARN_COMMA = YES;
				CLANG_WARN_CONSTANT_CONVERSION = YES;
				CLANG_WARN_DEPRECATED_OBJC_IMPLEMENTATIONS = YES;
				CLANG_WARN_DIRECT_OBJC_ISA_USAGE = YES_ERROR;
				CLANG_WARN_DOCUMENTATION_COMMENTS = YES;
				CLANG_WARN_EMPTY_BODY = YES;
				CLANG_WARN_ENUM_CONVERSION = YES;
				CLANG_WARN_INFINITE_RECURSION = YES;
				CLANG_WARN_INT_CONVERSION = YES;
				CLANG_WARN_NON_LITERAL_NULL_CONVERSION = YES;
				CLANG_WARN_OBJC_IMPLICIT_RETAIN_SELF = YES;
				CLANG_WARN_OBJC_LITERAL_CONVERSION = YES;
				CLANG_WARN_OBJC_ROOT_CLASS = YES_ERROR;
				CLANG_WARN_QUOTED_INCLUDE_IN_FRAMEWORK_HEADER = YES;
				CLANG_WARN_RANGE_LOOP_ANALYSIS = YES;
				CLANG_WARN_STRICT_PROTOTYPES = YES;
				CLANG_WARN_SUSPICIOUS_MOVE = YES;
				CLANG_WARN_UNGUARDED_AVAILABILITY = YES_AGGRESSIVE;
				CLANG_WARN_UNREACHABLE_CODE = YES;
				CLANG_WARN__DUPLICATE_METHOD_MATCH = YES;
				COPY_PHASE_STRIP = NO;
				DEBUG_INFORMATION_FORMAT = "dwarf-with-dsym";
				ENABLE_NS_ASSERTIONS = NO;
				ENABLE_STRICT_OBJC_MSGSEND = YES;
				GCC_C_LANGUAGE_STANDARD = gnu11;
				GCC_NO_COMMON_BLOCKS = YES;
				GCC_WARN_64_TO_32_BIT_CONVERSION = YES;
				GCC_WARN_ABOUT_RETURN_TYPE = YES_ERROR;
				GCC_WARN_UNDECLARED_SELECTOR = YES;
				GCC_WARN_UNINITIALIZED_AUTOS = YES_AGGRESSIVE;
				GCC_WARN_UNUSED_FUNCTION = YES;
				GCC_WARN_UNUSED_VARIABLE = YES;
				IPHONEOS_DEPLOYMENT_TARGET = 15.5;
				MTL_ENABLE_DEBUG_INFO = NO;
				MTL_FAST_MATH = YES;
				SDKROOT = iphoneos;
				SWIFT_COMPILATION_MODE = wholemodule;
				SWIFT_OPTIMIZATION_LEVEL = "-O";
				VALIDATE_PRODUCT = YES;
			};
			name = Release;
		};
		F688F54428CE6C31001FA786 /* Debug */ = {
			isa = XCBuildConfiguration;
			buildSettings = {
				ASSETCATALOG_COMPILER_APPICON_NAME = AppIcon;
				ASSETCATALOG_COMPILER_GLOBAL_ACCENT_COLOR_NAME = AccentColor;
				ASSETCATALOG_COMPILER_INCLUDE_ALL_APPICON_ASSETS = NO;
				CODE_SIGN_STYLE = Automatic;
				CURRENT_PROJECT_VERSION = 1;
				DEVELOPMENT_ASSET_PATHS = "\"Quiz game/Preview Content\"";
				DEVELOPMENT_TEAM = 5374B32457;
				ENABLE_PREVIEWS = YES;
				GENERATE_INFOPLIST_FILE = YES;
				INFOPLIST_FILE = "Quiz-game-Info.plist";
				INFOPLIST_KEY_NSLocalNetworkUsageDescription = "App uses the local network to connect with players arround you";
				INFOPLIST_KEY_UIApplicationSceneManifest_Generation = YES;
				INFOPLIST_KEY_UIApplicationSupportsIndirectInputEvents = YES;
				INFOPLIST_KEY_UILaunchStoryboardName = "Launch Screen.storyboard";
				INFOPLIST_KEY_UISupportedInterfaceOrientations = UIInterfaceOrientationPortrait;
				INFOPLIST_KEY_UISupportedInterfaceOrientations_iPad = "UIInterfaceOrientationLandscapeLeft UIInterfaceOrientationLandscapeRight UIInterfaceOrientationPortrait UIInterfaceOrientationPortraitUpsideDown";
				IPHONEOS_DEPLOYMENT_TARGET = 15.0;
				LD_RUNPATH_SEARCH_PATHS = (
					"$(inherited)",
					"@executable_path/Frameworks",
				);
				MARKETING_VERSION = 1.0;
				PRODUCT_BUNDLE_IDENTIFIER = "vdc.Quiz-game";
				PRODUCT_NAME = Brainstorm;
				SWIFT_EMIT_LOC_STRINGS = YES;
				SWIFT_VERSION = 5.0;
				TARGETED_DEVICE_FAMILY = "1,2";
			};
			name = Debug;
		};
		F688F54528CE6C31001FA786 /* Release */ = {
			isa = XCBuildConfiguration;
			buildSettings = {
				ASSETCATALOG_COMPILER_APPICON_NAME = AppIcon;
				ASSETCATALOG_COMPILER_GLOBAL_ACCENT_COLOR_NAME = AccentColor;
				ASSETCATALOG_COMPILER_INCLUDE_ALL_APPICON_ASSETS = NO;
				CODE_SIGN_STYLE = Automatic;
				CURRENT_PROJECT_VERSION = 1;
				DEVELOPMENT_ASSET_PATHS = "\"Quiz game/Preview Content\"";
				DEVELOPMENT_TEAM = 5374B32457;
				ENABLE_PREVIEWS = YES;
				GENERATE_INFOPLIST_FILE = YES;
				INFOPLIST_FILE = "Quiz-game-Info.plist";
				INFOPLIST_KEY_NSLocalNetworkUsageDescription = "App uses the local network to connect with players arround you";
				INFOPLIST_KEY_UIApplicationSceneManifest_Generation = YES;
				INFOPLIST_KEY_UIApplicationSupportsIndirectInputEvents = YES;
				INFOPLIST_KEY_UILaunchStoryboardName = "Launch Screen.storyboard";
				INFOPLIST_KEY_UISupportedInterfaceOrientations = UIInterfaceOrientationPortrait;
				INFOPLIST_KEY_UISupportedInterfaceOrientations_iPad = "UIInterfaceOrientationLandscapeLeft UIInterfaceOrientationLandscapeRight UIInterfaceOrientationPortrait UIInterfaceOrientationPortraitUpsideDown";
				IPHONEOS_DEPLOYMENT_TARGET = 15.0;
				LD_RUNPATH_SEARCH_PATHS = (
					"$(inherited)",
					"@executable_path/Frameworks",
				);
				MARKETING_VERSION = 1.0;
				PRODUCT_BUNDLE_IDENTIFIER = "vdc.Quiz-game";
				PRODUCT_NAME = Brainstorm;
				SWIFT_EMIT_LOC_STRINGS = YES;
				SWIFT_VERSION = 5.0;
				TARGETED_DEVICE_FAMILY = "1,2";
			};
			name = Release;
		};
/* End XCBuildConfiguration section */

/* Begin XCConfigurationList section */
		F688F53028CE6C2F001FA786 /* Build configuration list for PBXProject "Quiz game" */ = {
			isa = XCConfigurationList;
			buildConfigurations = (
				F688F54128CE6C31001FA786 /* Debug */,
				F688F54228CE6C31001FA786 /* Release */,
			);
			defaultConfigurationIsVisible = 0;
			defaultConfigurationName = Release;
		};
		F688F54328CE6C31001FA786 /* Build configuration list for PBXNativeTarget "Quiz game" */ = {
			isa = XCConfigurationList;
			buildConfigurations = (
				F688F54428CE6C31001FA786 /* Debug */,
				F688F54528CE6C31001FA786 /* Release */,
			);
			defaultConfigurationIsVisible = 0;
			defaultConfigurationName = Release;
		};
/* End XCConfigurationList section */

/* Begin XCVersionGroup section */
		F6690ED7293159B100F4F8EA /* CoreDataModel.xcdatamodeld */ = {
			isa = XCVersionGroup;
			children = (
				F6690ED8293159B100F4F8EA /* CoreDataModel.xcdatamodel */,
			);
			currentVersion = F6690ED8293159B100F4F8EA /* CoreDataModel.xcdatamodel */;
			path = CoreDataModel.xcdatamodeld;
			sourceTree = "<group>";
			versionGroupType = wrapper.xcdatamodel;
		};
/* End XCVersionGroup section */
	};
	rootObject = F688F52D28CE6C2F001FA786 /* Project object */;
}
